<?xml version="1.0" encoding="utf-8"?>
<Project ToolsVersion="4.0" xmlns="http://schemas.microsoft.com/developer/msbuild/2003">
  <ItemGroup>
    <ClCompile Include="src\Core\Application\Config\Config.cpp" />
    <ClCompile Include="src\Core\Application\Application.cpp" />
    <ClCompile Include="src\Core\Entity\Simulation\SimPosition.cpp" />
    <ClCompile Include="src\Core\Entity\WorldEntity\States\WorldEntityStates.cpp" />
    <ClCompile Include="src\Core\Entity\WorldEntity\WorldEntity.cpp" />
    <ClCompile Include="src\Core\Entity\EntityHandler.cpp" />
    <ClCompile Include="src\Core\Events\Clickable\Tile\WorldTile.cpp" />
    <ClCompile Include="src\Core\Events\Clickable\Clickable.cpp" />
    <ClCompile Include="src\Core\Events\EventReceiver.cpp" />
    <ClCompile Include="src\Core\Network\Client\ClientWrapper.cpp" />
    <ClCompile Include="src\Core\Network\Packets\ENetPacketHandler.cpp" />
    <ClCompile Include="src\Core\Rendering\Animation\Animator\Animator.cpp" />
    <ClCompile Include="src\Core\Rendering\Camera\Camera.cpp" />
    <ClCompile Include="src\Core\Rendering\Cursor\RSCross.cpp" />
    <ClCompile Include="src\Core\Rendering\Sprite\Sprite.cpp" />
    <ClCompile Include="src\Core\Rendering\Renderer.cpp" />
    <ClCompile Include="src\Core\UI\Layer\EntityLayer\EntityLayer.cpp" />
    <ClCompile Include="src\Core\UI\Layer\HUDLayer\HUDLayer.cpp" />
    <ClCompile Include="src\Core\UI\Layer\WorldLayer\WorldLayer.cpp" />
    <ClCompile Include="src\Core\UI\Layer\Layer.cpp" />
    <ClCompile Include="src\Core\UI\UIComponent\Canvas\Canvas.cpp" />
    <ClCompile Include="src\Core\UI\UIComponent\Chatbox\Chatbox.cpp" />
    <ClCompile Include="src\Core\UI\UIComponent\Healthbar\Healthbar.cpp" />
    <ClCompile Include="src\Core\UI\UIComponent\Hitsplat\Hitsplat.cpp" />
    <ClCompile Include="src\Core\UI\UIComponent\HUDTabMenu\HUDTabMenu.cpp" />
    <ClCompile Include="src\Core\UI\UIComponent\OptionsTab\OptionsTab.cpp" />
    <ClCompile Include="src\Core\UI\UIComponent\TextComponent\TextComponent.cpp" />
    <ClCompile Include="src\Core\UI\UIComponent\WorldText\WorldText.cpp" />
    <ClCompile Include="src\Core\UI\UIComponent\UIComponent.cpp" />
    <ClCompile Include="src\Core\Util\Timer.cpp" />
    <ClCompile Include="src\precomp.cpp" />
    <ClCompile Include="main.cpp" />
  </ItemGroup>
  <ItemGroup>
    <ClInclude Include="include\Core\Application\Config\Config.h" />
    <ClInclude Include="include\Core\Application\Application.h" />
    <ClInclude Include="include\Core\Entity\Simulation\SimPosition.h" />
    <ClInclude Include="include\Core\Entity\WorldEntity\States\WorldEntityStates.h" />
    <ClInclude Include="include\Core\Entity\WorldEntity\WorldEntity.h" />
    <ClInclude Include="include\Core\Entity\EntityHandler.h" />
    <ClInclude Include="include\Core\Events\Clickable\Tile\WorldTile.h" />
    <ClInclude Include="include\Core\Events\Clickable\Clickable.h" />
    <ClInclude Include="include\Core\Events\EventReceiver.h" />
    <ClInclude Include="include\Core\Global\C_Globals.h" />
    <ClInclude Include="include\Core\Network\Client\ClientWrapper.h" />
    <ClInclude Include="include\Core\Network\Packets\ENetPacketHandler.h" />
    <ClInclude Include="include\Core\Rendering\Animation\Animator\Animator.h" />
    <ClInclude Include="include\Core\Rendering\Camera\Camera.h" />
    <ClInclude Include="include\Core\Rendering\Cursor\RSCross.h" />
    <ClInclude Include="include\Core\Rendering\Fonts\FontsConfig.h" />
    <ClInclude Include="include\Core\Rendering\Sprite\Sprite.h" />
    <ClInclude Include="include\Core\Rendering\Renderer.h" />
    <ClInclude Include="include\Core\UI\Layer\EntityLayer\EntityLayer.h" />
    <ClInclude Include="include\Core\UI\Layer\HUDLayer\HUDLayer.h" />
    <ClInclude Include="include\Core\UI\Layer\WorldLayer\WorldLayer.h" />
    <ClInclude Include="include\Core\UI\Layer\Layer.h" />
    <ClInclude Include="include\Core\UI\UIComponent\Canvas\Canvas.h" />
    <ClInclude Include="include\Core\UI\UIComponent\Chatbox\Chatbox.h" />
    <ClInclude Include="include\Core\UI\UIComponent\Healthbar\Healthbar.h" />
    <ClInclude Include="include\Core\UI\UIComponent\Hitsplat\Hitsplat.h" />
    <ClInclude Include="include\Core\UI\UIComponent\HUDTabMenu\HUDTabMenu.h" />
    <ClInclude Include="include\Core\UI\UIComponent\OptionsTab\OptionsTab.h" />
    <ClInclude Include="include\Core\UI\UIComponent\TextComponent\TextComponent.h" />
    <ClInclude Include="include\Core\UI\UIComponent\WorldText\WorldText.h" />
    <ClInclude Include="include\Core\UI\UIComponent\UIComponent.h" />
    <ClInclude Include="include\Core\Util\TimerHandler.h" />
    <ClInclude Include="include\precomp.h" />
  </ItemGroup>
</Project>