<?xml version="1.0" encoding="utf-8"?>
<Project ToolsVersion="4.0" xmlns="http://schemas.microsoft.com/developer/msbuild/2003">
  <ItemGroup>
    <ClCompile Include="src\Core\Config\Config.cpp" />
    <ClCompile Include="src\Core\Events\Handler\EventHandler.cpp" />
    <ClCompile Include="src\Core\Events\Query\EventQuery.cpp" />
    <ClCompile Include="src\Core\Game\Admin\CommandHandler.cpp" />
    <ClCompile Include="src\Core\Game\Combat\CombatHandler.cpp" />
    <ClCompile Include="src\Core\Game\Entity\Definition\EntityDef.cpp" />
    <ClCompile Include="src\Core\Game\Entity\EntityHandler.cpp" />
    <ClCompile Include="src\Core\Game\World\World.cpp" />
    <ClCompile Include="src\Core\Network\Client\ClientInfo.cpp" />
    <ClCompile Include="src\Core\Network\Connection\ConnectionHandler.cpp" />
    <ClCompile Include="src\Core\Network\NetworkHandler.cpp" />
    <ClCompile Include="src\precomp.cpp" />
    <ClCompile Include="main.cpp" />
  </ItemGroup>
  <ItemGroup>
    <ClInclude Include="include\Core\Config\Config.h" />
    <ClInclude Include="include\Core\Events\Handler\EventHandler.h" />
    <ClInclude Include="include\Core\Events\Query\EventQuery.h" />
    <ClInclude Include="include\Core\Game\Admin\CommandHandler.h" />
    <ClInclude Include="include\Core\Game\Combat\CombatHandler.h" />
    <ClInclude Include="include\Core\Game\Entity\Definition\EntityDef.h" />
    <ClInclude Include="include\Core\Game\Entity\EntityHandler.h" />
    <ClInclude Include="include\Core\Game\World\NPCWorldSpawn.h" />
    <ClInclude Include="include\Core\Game\World\World.h" />
    <ClInclude Include="include\Core\Globals\S_Globals.h" />
    <ClInclude Include="include\Core\Network\Client\ClientInfo.h" />
    <ClInclude Include="include\Core\Network\Connection\ConnectionHandler.h" />
    <ClInclude Include="include\Core\Network\NetworkHandler.h" />
    <ClInclude Include="include\precomp.h" />
  </ItemGroup>
</Project>